
Microsoft Visual Studio Solution File, Format Version 12.00
# Visual Studio Version 16
VisualStudioVersion = 16.0.30711.63
MinimumVisualStudioVersion = 15.0.26124.0
Project("{9A19103F-16F7-4668-BE54-9A1E7A4F7556}") = "TheUKTories", "TheUKTories\TheUKTories.csproj", "{64A917BA-27AC-49DD-8424-A401D7B4CE87}"
EndProject
Project("{9A19103F-16F7-4668-BE54-9A1E7A4F7556}") = "TheUKTories.DataStores", "TheUKTories.DataStores\TheUKTories.DataStores.csproj", "{D8B6A189-2B12-4AE4-B046-BC1EE9BB2510}"
EndProject
Project("{9A19103F-16F7-4668-BE54-9A1E7A4F7556}") = "TheUKTories.DataStores.TestConsole", "TheUKTories.DataStores.TestConsole\TheUKTories.DataStores.TestConsole.csproj", "{A42F6DA3-3581-4F31-BE63-34736F31DDC1}"
EndProject
Project("{9A19103F-16F7-4668-BE54-9A1E7A4F7556}") = "TheUKTories.Dashboard", "TheUKTories.Dashboard\TheUKTories.Dashboard.csproj", "{4AE93CB7-B7DD-4E18-A3AF-490E0A09D02E}"
EndProject
Global
	GlobalSection(SolutionConfigurationPlatforms) = preSolution
		Debug|Any CPU = Debug|Any CPU
		Debug|x64 = Debug|x64
		Debug|x86 = Debug|x86
		Release|Any CPU = Release|Any CPU
		Release|x64 = Release|x64
		Release|x86 = Release|x86
	EndGlobalSection
	GlobalSection(ProjectConfigurationPlatforms) = postSolution
		{64A917BA-27AC-49DD-8424-A401D7B4CE87}.Debug|Any CPU.ActiveCfg = Debug|Any CPU
		{64A917BA-27AC-49DD-8424-A401D7B4CE87}.Debug|Any CPU.Build.0 = Debug|Any CPU
		{64A917BA-27AC-49DD-8424-A401D7B4CE87}.Debug|x64.ActiveCfg = Debug|Any CPU
		{64A917BA-27AC-49DD-8424-A401D7B4CE87}.Debug|x64.Build.0 = Debug|Any CPU
		{64A917BA-27AC-49DD-8424-A401D7B4CE87}.Debug|x86.ActiveCfg = Debug|Any CPU
		{64A917BA-27AC-49DD-8424-A401D7B4CE87}.Debug|x86.Build.0 = Debug|Any CPU
		{64A917BA-27AC-49DD-8424-A401D7B4CE87}.Release|Any CPU.ActiveCfg = Release|Any CPU
		{64A917BA-27AC-49DD-8424-A401D7B4CE87}.Release|Any CPU.Build.0 = Release|Any CPU
		{64A917BA-27AC-49DD-8424-A401D7B4CE87}.Release|x64.ActiveCfg = Release|Any CPU
		{64A917BA-27AC-49DD-8424-A401D7B4CE87}.Release|x64.Build.0 = Release|Any CPU
		{64A917BA-27AC-49DD-8424-A401D7B4CE87}.Release|x86.ActiveCfg = Release|Any CPU
		{64A917BA-27AC-49DD-8424-A401D7B4CE87}.Release|x86.Build.0 = Release|Any CPU
		{D8B6A189-2B12-4AE4-B046-BC1EE9BB2510}.Debug|Any CPU.ActiveCfg = Debug|Any CPU
		{D8B6A189-2B12-4AE4-B046-BC1EE9BB2510}.Debug|Any CPU.Build.0 = Debug|Any CPU
		{D8B6A189-2B12-4AE4-B046-BC1EE9BB2510}.Debug|x64.ActiveCfg = Debug|Any CPU
		{D8B6A189-2B12-4AE4-B046-BC1EE9BB2510}.Debug|x64.Build.0 = Debug|Any CPU
		{D8B6A189-2B12-4AE4-B046-BC1EE9BB2510}.Debug|x86.ActiveCfg = Debug|Any CPU
		{D8B6A189-2B12-4AE4-B046-BC1EE9BB2510}.Debug|x86.Build.0 = Debug|Any CPU
		{D8B6A189-2B12-4AE4-B046-BC1EE9BB2510}.Release|Any CPU.ActiveCfg = Release|Any CPU
		{D8B6A189-2B12-4AE4-B046-BC1EE9BB2510}.Release|Any CPU.Build.0 = Release|Any CPU
		{D8B6A189-2B12-4AE4-B046-BC1EE9BB2510}.Release|x64.ActiveCfg = Release|Any CPU
		{D8B6A189-2B12-4AE4-B046-BC1EE9BB2510}.Release|x64.Build.0 = Release|Any CPU
		{D8B6A189-2B12-4AE4-B046-BC1EE9BB2510}.Release|x86.ActiveCfg = Release|Any CPU
		{D8B6A189-2B12-4AE4-B046-BC1EE9BB2510}.Release|x86.Build.0 = Release|Any CPU
		{A42F6DA3-3581-4F31-BE63-34736F31DDC1}.Debug|Any CPU.ActiveCfg = Debug|Any CPU
		{A42F6DA3-3581-4F31-BE63-34736F31DDC1}.Debug|Any CPU.Build.0 = Debug|Any CPU
		{A42F6DA3-3581-4F31-BE63-34736F31DDC1}.Debug|x64.ActiveCfg = Debug|Any CPU
		{A42F6DA3-3581-4F31-BE63-34736F31DDC1}.Debug|x64.Build.0 = Debug|Any CPU
		{A42F6DA3-3581-4F31-BE63-34736F31DDC1}.Debug|x86.ActiveCfg = Debug|Any CPU
		{A42F6DA3-3581-4F31-BE63-34736F31DDC1}.Debug|x86.Build.0 = Debug|Any CPU
		{A42F6DA3-3581-4F31-BE63-34736F31DDC1}.Release|Any CPU.ActiveCfg = Release|Any CPU
		{A42F6DA3-3581-4F31-BE63-34736F31DDC1}.Release|Any CPU.Build.0 = Release|Any CPU
		{A42F6DA3-3581-4F31-BE63-34736F31DDC1}.Release|x64.ActiveCfg = Release|Any CPU
		{A42F6DA3-3581-4F31-BE63-34736F31DDC1}.Release|x64.Build.0 = Release|Any CPU
		{A42F6DA3-3581-4F31-BE63-34736F31DDC1}.Release|x86.ActiveCfg = Release|Any CPU
		{A42F6DA3-3581-4F31-BE63-34736F31DDC1}.Release|x86.Build.0 = Release|Any CPU
		{4AE93CB7-B7DD-4E18-A3AF-490E0A09D02E}.Debug|Any CPU.ActiveCfg = Debug|Any CPU
		{4AE93CB7-B7DD-4E18-A3AF-490E0A09D02E}.Debug|Any CPU.Build.0 = Debug|Any CPU
		{4AE93CB7-B7DD-4E18-A3AF-490E0A09D02E}.Debug|x64.ActiveCfg = Debug|Any CPU
		{4AE93CB7-B7DD-4E18-A3AF-490E0A09D02E}.Debug|x64.Build.0 = Debug|Any CPU
		{4AE93CB7-B7DD-4E18-A3AF-490E0A09D02E}.Debug|x86.ActiveCfg = Debug|Any CPU
		{4AE93CB7-B7DD-4E18-A3AF-490E0A09D02E}.Debug|x86.Build.0 = Debug|Any CPU
		{4AE93CB7-B7DD-4E18-A3AF-490E0A09D02E}.Release|Any CPU.ActiveCfg = Release|Any CPU
		{4AE93CB7-B7DD-4E18-A3AF-490E0A09D02E}.Release|Any CPU.Build.0 = Release|Any CPU
		{4AE93CB7-B7DD-4E18-A3AF-490E0A09D02E}.Release|x64.ActiveCfg = Release|Any CPU
		{4AE93CB7-B7DD-4E18-A3AF-490E0A09D02E}.Release|x64.Build.0 = Release|Any CPU
		{4AE93CB7-B7DD-4E18-A3AF-490E0A09D02E}.Release|x86.ActiveCfg = Release|Any CPU
		{4AE93CB7-B7DD-4E18-A3AF-490E0A09D02E}.Release|x86.Build.0 = Release|Any CPU
	EndGlobalSection
	GlobalSection(SolutionProperties) = preSolution
		HideSolutionNode = FALSE
	EndGlobalSection
	GlobalSection(ExtensibilityGlobals) = postSolution
		SolutionGuid = {58CA744F-3DF8-4912-9741-BF6F80D831D0}
	EndGlobalSection
EndGlobal
